
Microsoft Visual Studio Solution File, Format Version 12.00
# Visual Studio 15
VisualStudioVersion = 15.0.27004.2005
MinimumVisualStudioVersion = 10.0.40219.1
Project("{FAE04EC0-301F-11D3-BF4B-00C04F79EFBC}") = "ExampleLib", "ExampleLib\ExampleLib.csproj", "{2AEA34B5-C176-419F-8A4E-3209445AEB66}"
EndProject
Project("{FAE04EC0-301F-11D3-BF4B-00C04F79EFBC}") = "ExampleWpf", "ExampleWpf\ExampleWpf.csproj", "{01EE58F3-4A41-4E21-A50F-9D86F6DAE013}"
EndProject
Project("{FAE04EC0-301F-11D3-BF4B-00C04F79EFBC}") = "ExampleConsole", "ExampleConsole\ExampleConsole.csproj", "{7A196010-F34E-4FC7-BB2F-606C07005001}"
EndProject
Global
	GlobalSection(SolutionConfigurationPlatforms) = preSolution
		Debug|Any CPU = Debug|Any CPU
		Release|Any CPU = Release|Any CPU
	EndGlobalSection
	GlobalSection(ProjectConfigurationPlatforms) = postSolution
		{2AEA34B5-C176-419F-8A4E-3209445AEB66}.Debug|Any CPU.ActiveCfg = Debug|Any CPU
		{2AEA34B5-C176-419F-8A4E-3209445AEB66}.Debug|Any CPU.Build.0 = Debug|Any CPU
		{2AEA34B5-C176-419F-8A4E-3209445AEB66}.Release|Any CPU.ActiveCfg = Release|Any CPU
		{2AEA34B5-C176-419F-8A4E-3209445AEB66}.Release|Any CPU.Build.0 = Release|Any CPU
		{01EE58F3-4A41-4E21-A50F-9D86F6DAE013}.Debug|Any CPU.ActiveCfg = Debug|Any CPU
		{01EE58F3-4A41-4E21-A50F-9D86F6DAE013}.Debug|Any CPU.Build.0 = Debug|Any CPU
		{01EE58F3-4A41-4E21-A50F-9D86F6DAE013}.Release|Any CPU.ActiveCfg = Release|Any CPU
		{01EE58F3-4A41-4E21-A50F-9D86F6DAE013}.Release|Any CPU.Build.0 = Release|Any CPU
		{7A196010-F34E-4FC7-BB2F-606C07005001}.Debug|Any CPU.ActiveCfg = Debug|Any CPU
		{7A196010-F34E-4FC7-BB2F-606C07005001}.Debug|Any CPU.Build.0 = Debug|Any CPU
		{7A196010-F34E-4FC7-BB2F-606C07005001}.Release|Any CPU.ActiveCfg = Release|Any CPU
		{7A196010-F34E-4FC7-BB2F-606C07005001}.Release|Any CPU.Build.0 = Release|Any CPU
	EndGlobalSection
	GlobalSection(SolutionProperties) = preSolution
		HideSolutionNode = FALSE
	EndGlobalSection
	GlobalSection(ExtensibilityGlobals) = postSolution
		SolutionGuid = {527EF45E-15B9-4865-8168-D8527570F56D}
	EndGlobalSection
EndGlobal
