
Microsoft Visual Studio Solution File, Format Version 12.00
# Visual Studio 15
VisualStudioVersion = 15.0.27004.2005
MinimumVisualStudioVersion = 10.0.40219.1
Project("{FAE04EC0-301F-11D3-BF4B-00C04F79EFBC}") = "ExampleLib", "ExampleLib\ExampleLib.csproj", "{2AEA34B5-C176-419F-8A4E-3209445AEB66}"
EndProject
Project("{FAE04EC0-301F-11D3-BF4B-00C04F79EFBC}") = "ExampleConsoleServer", "ExampleConsoleServer\ExampleConsoleServer.csproj", "{1A27E5D5-841C-4802-9EC5-B0FC5C935944}"
EndProject
Global
	GlobalSection(SolutionConfigurationPlatforms) = preSolution
		Debug|Any CPU = Debug|Any CPU
		Release|Any CPU = Release|Any CPU
	EndGlobalSection
	GlobalSection(ProjectConfigurationPlatforms) = postSolution
		{2AEA34B5-C176-419F-8A4E-3209445AEB66}.Debug|Any CPU.ActiveCfg = Debug|Any CPU
		{2AEA34B5-C176-419F-8A4E-3209445AEB66}.Debug|Any CPU.Build.0 = Debug|Any CPU
		{2AEA34B5-C176-419F-8A4E-3209445AEB66}.Release|Any CPU.ActiveCfg = Release|Any CPU
		{2AEA34B5-C176-419F-8A4E-3209445AEB66}.Release|Any CPU.Build.0 = Release|Any CPU
		{1A27E5D5-841C-4802-9EC5-B0FC5C935944}.Debug|Any CPU.ActiveCfg = Debug|Any CPU
		{1A27E5D5-841C-4802-9EC5-B0FC5C935944}.Debug|Any CPU.Build.0 = Debug|Any CPU
		{1A27E5D5-841C-4802-9EC5-B0FC5C935944}.Release|Any CPU.ActiveCfg = Release|Any CPU
		{1A27E5D5-841C-4802-9EC5-B0FC5C935944}.Release|Any CPU.Build.0 = Release|Any CPU
	EndGlobalSection
	GlobalSection(SolutionProperties) = preSolution
		HideSolutionNode = FALSE
	EndGlobalSection
	GlobalSection(ExtensibilityGlobals) = postSolution
		SolutionGuid = {527EF45E-15B9-4865-8168-D8527570F56D}
	EndGlobalSection
EndGlobal
